{
  "name": "go",
  "version": "0.1.0",
  "lockfileVersion": 1,
  "requires": true,
  "dependencies": {
    "matrix-map": {
      "version": "1.0.12",
      "resolved": "https://registry.npmjs.org/matrix-map/-/matrix-map-1.0.12.tgz",
      "integrity": "sha512-ny3wQ6hGFlWKOXhT6IprmuqIfuKRYn9jL3/srtUmbMY7JB1y6OXAUqtH3Zp6OWjNvczppo9a1UkGzpO6FyF9DQ=="
    }
  }
}
