{
  "name": "go",
  "version": "0.1.0",
  "lockfileVersion": 1,
  "requires": true,
  "dependencies": {
    "matrix-map": {
      "version": "1.0.13",
      "resolved": "https://registry.npmjs.org/matrix-map/-/matrix-map-1.0.13.tgz",
      "integrity": "sha512-Q0O4bqqo7qoXDaawByZqptZuSGcBc4ZOfF4ljNggVd7VzkDVydDE3DWjrZQdCKRJSZoZcj0i+gVBeClnOiK5tw=="
    }
  }
}
